
Microsoft Visual Studio Solution File, Format Version 12.00
# Visual Studio Version 17
VisualStudioVersion = 17.5.33627.172
MinimumVisualStudioVersion = 10.0.40219.1
Project("{FAE04EC0-301F-11D3-BF4B-00C04F79EFBC}") = "GC MemoryCard Reader", "GC MemoryCard Reader.csproj", "{D9150834-44B1-4B01-9491-A088508EA4FE}"
EndProject
Global
	GlobalSection(SolutionConfigurationPlatforms) = preSolution
		Debug|Any CPU = Debug|Any CPU
		Release|Any CPU = Release|Any CPU
	EndGlobalSection
	GlobalSection(ProjectConfigurationPlatforms) = postSolution
		{D9150834-44B1-4B01-9491-A088508EA4FE}.Debug|Any CPU.ActiveCfg = Debug|Any CPU
		{D9150834-44B1-4B01-9491-A088508EA4FE}.Debug|Any CPU.Build.0 = Debug|Any CPU
		{D9150834-44B1-4B01-9491-A088508EA4FE}.Release|Any CPU.ActiveCfg = Release|Any CPU
		{D9150834-44B1-4B01-9491-A088508EA4FE}.Release|Any CPU.Build.0 = Release|Any CPU
	EndGlobalSection
	GlobalSection(SolutionProperties) = preSolution
		HideSolutionNode = FALSE
	EndGlobalSection
	GlobalSection(ExtensibilityGlobals) = postSolution
		SolutionGuid = {D1ED372A-D394-46C2-81B7-A82419E0D7C3}
	EndGlobalSection
EndGlobal
